{
  "meteor": {},
  "dependencies": {
    "basePackages": {
      "bootstrap-3": {},
      "iron-router": {},
      "mini-models": {},
      "collection-helpers": {},
      "moment": {},
      "paginator": {}
    },
    "packages": {
      "bootstrap-3": {
        "git": "https://github.com/mangasocial/meteor-bootstrap-3.git",
        "tag": "v3.1.1-1",
        "commit": "63dd38968828bb8963636df93e9a1c45e2dfe67e"
      },
      "iron-router": {
        "git": "https://github.com/EventedMind/iron-router.git",
        "tag": "v0.7.1",
        "commit": "d1ffb3f06ea4c112132b030f2eb1a70b81675ecb"
      },
      "mini-models": {
        "git": "https://github.com/EmmN/meteor-mini-models.git",
        "tag": "v0.1.2",
        "commit": "b3859df9a2c0cedaef714d442affdf679cca4e77"
      },
      "collection-helpers": {
        "git": "https://github.com/dburles/meteor-collection-helpers.git",
        "tag": "v0.2.4",
        "commit": "e10ac53aa03e9656ee8ecaff7b9054dcb3a8a791"
      },
      "moment": {
        "git": "https://github.com/acreeger/meteor-moment.git",
        "tag": "v2.6.0",
        "commit": "26156df681750fd6e6ed77043eef32b6653ebbdf"
      },
      "paginator": {
        "git": "https://github.com/TimHeckel/meteor-paginator.git",
        "tag": "v0.0.8",
        "commit": "7fc0877bbe310316536641e61ce4b2d5c071d44c"
      },
      "blaze-layout": {
        "git": "https://github.com/EventedMind/blaze-layout.git",
        "tag": "v0.2.4",
        "commit": "b40e9b0612329288d75cf52ad14a7da64bb8618f"
      }
    }
  }
}
